
Microsoft Visual Studio Solution File, Format Version 12.00
# Visual Studio Version 16
VisualStudioVersion = 16.0.31112.23
MinimumVisualStudioVersion = 10.0.40219.1
Project("{FAE04EC0-301F-11D3-BF4B-00C04F79EFBC}") = "Proyecto_HELPSYCH", "Proyecto_HELPSYCH\Proyecto_HELPSYCH.csproj", "{50A34FF4-DB75-478B-9D82-C1588358DC44}"
EndProject
Global
	GlobalSection(SolutionConfigurationPlatforms) = preSolution
		Debug|Any CPU = Debug|Any CPU
		Release|Any CPU = Release|Any CPU
	EndGlobalSection
	GlobalSection(ProjectConfigurationPlatforms) = postSolution
		{50A34FF4-DB75-478B-9D82-C1588358DC44}.Debug|Any CPU.ActiveCfg = Debug|Any CPU
		{50A34FF4-DB75-478B-9D82-C1588358DC44}.Debug|Any CPU.Build.0 = Debug|Any CPU
		{50A34FF4-DB75-478B-9D82-C1588358DC44}.Release|Any CPU.ActiveCfg = Release|Any CPU
		{50A34FF4-DB75-478B-9D82-C1588358DC44}.Release|Any CPU.Build.0 = Release|Any CPU
	EndGlobalSection
	GlobalSection(SolutionProperties) = preSolution
		HideSolutionNode = FALSE
	EndGlobalSection
	GlobalSection(ExtensibilityGlobals) = postSolution
		SolutionGuid = {9CFFF09C-E37E-4F6E-8487-48252F55A91C}
	EndGlobalSection
EndGlobal
